// !$*UTF8*$!
{
	archiveVersion = 1;
	classes = {
	};
	objectVersion = 51;
	objects = {

/* Begin PBXBuildFile section */
		4F434A8025C9DEBC005259D9 /* Model.xcdatamodeld in Sources */ = {isa = PBXBuildFile; fileRef = 4F434A7E25C9DEBC005259D9 /* Model.xcdatamodeld */; };
		4F5146A325C9E9CA0009D11B /* Persistence.swift in Sources */ = {isa = PBXBuildFile; fileRef = 4F5146A225C9E9CA0009D11B /* Persistence.swift */; };
		4F93A9AA25DF1EE700168835 /* Colours.xcassets in Resources */ = {isa = PBXBuildFile; fileRef = 4F93A9A925DF1EE700168835 /* Colours.xcassets */; };
		4FD38D6A25C9CDC100E7B1A1 /* LipoBuddyApp.swift in Sources */ = {isa = PBXBuildFile; fileRef = 4FD38D6925C9CDC100E7B1A1 /* LipoBuddyApp.swift */; };
		4FD38D6C25C9CDC100E7B1A1 /* ContentView.swift in Sources */ = {isa = PBXBuildFile; fileRef = 4FD38D6B25C9CDC100E7B1A1 /* ContentView.swift */; };
		4FD38D6E25C9CDC200E7B1A1 /* Assets.xcassets in Resources */ = {isa = PBXBuildFile; fileRef = 4FD38D6D25C9CDC200E7B1A1 /* Assets.xcassets */; };
		4FD38D7125C9CDC200E7B1A1 /* Preview Assets.xcassets in Resources */ = {isa = PBXBuildFile; fileRef = 4FD38D7025C9CDC200E7B1A1 /* Preview Assets.xcassets */; };
		5EF60004FF0922493043EA40 /* Pods_LipoBuddy.framework in Frameworks */ = {isa = PBXBuildFile; fileRef = BC62B1C24A6B63DE367FC729 /* Pods_LipoBuddy.framework */; };
/* End PBXBuildFile section */

/* Begin PBXFileReference section */
		4F434A7F25C9DEBC005259D9 /* Model.xcdatamodel */ = {isa = PBXFileReference; lastKnownFileType = wrapper.xcdatamodel; path = Model.xcdatamodel; sourceTree = "<group>"; };
		4F5146A225C9E9CA0009D11B /* Persistence.swift */ = {isa = PBXFileReference; lastKnownFileType = sourcecode.swift; path = Persistence.swift; sourceTree = "<group>"; };
		4F93A9A925DF1EE700168835 /* Colours.xcassets */ = {isa = PBXFileReference; lastKnownFileType = folder.assetcatalog; path = Colours.xcassets; sourceTree = "<group>"; };
		4FD38D6625C9CDC100E7B1A1 /* LipoBuddy.app */ = {isa = PBXFileReference; explicitFileType = wrapper.application; includeInIndex = 0; path = LipoBuddy.app; sourceTree = BUILT_PRODUCTS_DIR; };
		4FD38D6925C9CDC100E7B1A1 /* LipoBuddyApp.swift */ = {isa = PBXFileReference; lastKnownFileType = sourcecode.swift; path = LipoBuddyApp.swift; sourceTree = "<group>"; };
		4FD38D6B25C9CDC100E7B1A1 /* ContentView.swift */ = {isa = PBXFileReference; lastKnownFileType = sourcecode.swift; path = ContentView.swift; sourceTree = "<group>"; };
		4FD38D6D25C9CDC200E7B1A1 /* Assets.xcassets */ = {isa = PBXFileReference; lastKnownFileType = folder.assetcatalog; path = Assets.xcassets; sourceTree = "<group>"; };
		4FD38D7025C9CDC200E7B1A1 /* Preview Assets.xcassets */ = {isa = PBXFileReference; lastKnownFileType = folder.assetcatalog; path = "Preview Assets.xcassets"; sourceTree = "<group>"; };
		4FD38D7225C9CDC200E7B1A1 /* Info.plist */ = {isa = PBXFileReference; lastKnownFileType = text.plist.xml; path = Info.plist; sourceTree = "<group>"; };
		87765BD9C675B5CA80080719 /* Pods-LipoBuddy.debug.xcconfig */ = {isa = PBXFileReference; includeInIndex = 1; lastKnownFileType = text.xcconfig; name = "Pods-LipoBuddy.debug.xcconfig"; path = "Target Support Files/Pods-LipoBuddy/Pods-LipoBuddy.debug.xcconfig"; sourceTree = "<group>"; };
		BC62B1C24A6B63DE367FC729 /* Pods_LipoBuddy.framework */ = {isa = PBXFileReference; explicitFileType = wrapper.framework; includeInIndex = 0; path = Pods_LipoBuddy.framework; sourceTree = BUILT_PRODUCTS_DIR; };
		EBB2808AFCFA43A839133025 /* Pods-LipoBuddy.release.xcconfig */ = {isa = PBXFileReference; includeInIndex = 1; lastKnownFileType = text.xcconfig; name = "Pods-LipoBuddy.release.xcconfig"; path = "Target Support Files/Pods-LipoBuddy/Pods-LipoBuddy.release.xcconfig"; sourceTree = "<group>"; };
/* End PBXFileReference section */

/* Begin PBXFrameworksBuildPhase section */
		4FD38D6325C9CDC100E7B1A1 /* Frameworks */ = {
			isa = PBXFrameworksBuildPhase;
			buildActionMask = 2147483647;
			files = (
				5EF60004FF0922493043EA40 /* Pods_LipoBuddy.framework in Frameworks */,
			);
			runOnlyForDeploymentPostprocessing = 0;
		};
/* End PBXFrameworksBuildPhase section */

/* Begin PBXGroup section */
		2FFB2EEA27E8E619F338E6CF /* Frameworks */ = {
			isa = PBXGroup;
			children = (
				BC62B1C24A6B63DE367FC729 /* Pods_LipoBuddy.framework */,
			);
			name = Frameworks;
			sourceTree = "<group>";
		};
		4FD38D5D25C9CDC100E7B1A1 = {
			isa = PBXGroup;
			children = (
				4FD38D6825C9CDC100E7B1A1 /* LipoBuddy */,
				4FD38D6725C9CDC100E7B1A1 /* Products */,
				E1B03D6873305986ED16E5E7 /* Pods */,
				2FFB2EEA27E8E619F338E6CF /* Frameworks */,
			);
			sourceTree = "<group>";
		};
		4FD38D6725C9CDC100E7B1A1 /* Products */ = {
			isa = PBXGroup;
			children = (
				4FD38D6625C9CDC100E7B1A1 /* LipoBuddy.app */,
			);
			name = Products;
			sourceTree = "<group>";
		};
		4FD38D6825C9CDC100E7B1A1 /* LipoBuddy */ = {
			isa = PBXGroup;
			children = (
				4FD38D6925C9CDC100E7B1A1 /* LipoBuddyApp.swift */,
				4FD38D6B25C9CDC100E7B1A1 /* ContentView.swift */,
				4FD38D6D25C9CDC200E7B1A1 /* Assets.xcassets */,
				4FD38D7225C9CDC200E7B1A1 /* Info.plist */,
				4FD38D6F25C9CDC200E7B1A1 /* Preview Content */,
				4F434A7E25C9DEBC005259D9 /* Model.xcdatamodeld */,
				4F5146A225C9E9CA0009D11B /* Persistence.swift */,
				4F93A9A925DF1EE700168835 /* Colours.xcassets */,
			);
			path = LipoBuddy;
			sourceTree = "<group>";
		};
		4FD38D6F25C9CDC200E7B1A1 /* Preview Content */ = {
			isa = PBXGroup;
			children = (
				4FD38D7025C9CDC200E7B1A1 /* Preview Assets.xcassets */,
			);
			path = "Preview Content";
			sourceTree = "<group>";
		};
		E1B03D6873305986ED16E5E7 /* Pods */ = {
			isa = PBXGroup;
			children = (
				87765BD9C675B5CA80080719 /* Pods-LipoBuddy.debug.xcconfig */,
				EBB2808AFCFA43A839133025 /* Pods-LipoBuddy.release.xcconfig */,
			);
			path = Pods;
			sourceTree = "<group>";
		};
/* End PBXGroup section */

/* Begin PBXNativeTarget section */
		4FD38D6525C9CDC100E7B1A1 /* LipoBuddy */ = {
			isa = PBXNativeTarget;
			buildConfigurationList = 4FD38D7525C9CDC200E7B1A1 /* Build configuration list for PBXNativeTarget "LipoBuddy" */;
			buildPhases = (
				23EEFC401B9BF5E6973DBC4E /* [CP] Check Pods Manifest.lock */,
				4FD38D6225C9CDC100E7B1A1 /* Sources */,
				4FD38D6325C9CDC100E7B1A1 /* Frameworks */,
				4FD38D6425C9CDC100E7B1A1 /* Resources */,
				19E3C4640B7CA0F622E4DED7 /* [CP] Embed Pods Frameworks */,
			);
			buildRules = (
			);
			dependencies = (
			);
			name = LipoBuddy;
			productName = LipoBuddy;
			productReference = 4FD38D6625C9CDC100E7B1A1 /* LipoBuddy.app */;
			productType = "com.apple.product-type.application";
		};
/* End PBXNativeTarget section */

/* Begin PBXProject section */
		4FD38D5E25C9CDC100E7B1A1 /* Project object */ = {
			isa = PBXProject;
			attributes = {
				LastSwiftUpdateCheck = 1230;
				LastUpgradeCheck = 1230;
				TargetAttributes = {
					4FD38D6525C9CDC100E7B1A1 = {
						CreatedOnToolsVersion = 12.3;
					};
				};
			};
			buildConfigurationList = 4FD38D6125C9CDC100E7B1A1 /* Build configuration list for PBXProject "LipoBuddy" */;
			compatibilityVersion = "Xcode 9.3";
			developmentRegion = en;
			hasScannedForEncodings = 0;
			knownRegions = (
				en,
				Base,
			);
			mainGroup = 4FD38D5D25C9CDC100E7B1A1;
			productRefGroup = 4FD38D6725C9CDC100E7B1A1 /* Products */;
			projectDirPath = "";
			projectRoot = "";
			targets = (
				4FD38D6525C9CDC100E7B1A1 /* LipoBuddy */,
			);
		};
/* End PBXProject section */

/* Begin PBXResourcesBuildPhase section */
		4FD38D6425C9CDC100E7B1A1 /* Resources */ = {
			isa = PBXResourcesBuildPhase;
			buildActionMask = 2147483647;
			files = (
				4FD38D7125C9CDC200E7B1A1 /* Preview Assets.xcassets in Resources */,
				4F93A9AA25DF1EE700168835 /* Colours.xcassets in Resources */,
				4FD38D6E25C9CDC200E7B1A1 /* Assets.xcassets in Resources */,
			);
			runOnlyForDeploymentPostprocessing = 0;
		};
/* End PBXResourcesBuildPhase section */

/* Begin PBXShellScriptBuildPhase section */
		19E3C4640B7CA0F622E4DED7 /* [CP] Embed Pods Frameworks */ = {
			isa = PBXShellScriptBuildPhase;
			buildActionMask = 2147483647;
			files = (
			);
			inputFileListPaths = (
				"${PODS_ROOT}/Target Support Files/Pods-LipoBuddy/Pods-LipoBuddy-frameworks-${CONFIGURATION}-input-files.xcfilelist",
			);
			name = "[CP] Embed Pods Frameworks";
			outputFileListPaths = (
				"${PODS_ROOT}/Target Support Files/Pods-LipoBuddy/Pods-LipoBuddy-frameworks-${CONFIGURATION}-output-files.xcfilelist",
			);
			runOnlyForDeploymentPostprocessing = 0;
			shellPath = /bin/sh;
			shellScript = "\"${PODS_ROOT}/Target Support Files/Pods-LipoBuddy/Pods-LipoBuddy-frameworks.sh\"\n";
			showEnvVarsInLog = 0;
		};
		23EEFC401B9BF5E6973DBC4E /* [CP] Check Pods Manifest.lock */ = {
			isa = PBXShellScriptBuildPhase;
			buildActionMask = 2147483647;
			files = (
			);
			inputFileListPaths = (
			);
			inputPaths = (
				"${PODS_PODFILE_DIR_PATH}/Podfile.lock",
				"${PODS_ROOT}/Manifest.lock",
			);
			name = "[CP] Check Pods Manifest.lock";
			outputFileListPaths = (
			);
			outputPaths = (
				"$(DERIVED_FILE_DIR)/Pods-LipoBuddy-checkManifestLockResult.txt",
			);
			runOnlyForDeploymentPostprocessing = 0;
			shellPath = /bin/sh;
			shellScript = "diff \"${PODS_PODFILE_DIR_PATH}/Podfile.lock\" \"${PODS_ROOT}/Manifest.lock\" > /dev/null\nif [ $? != 0 ] ; then\n    # print error to STDERR\n    echo \"error: The sandbox is not in sync with the Podfile.lock. Run 'pod install' or update your CocoaPods installation.\" >&2\n    exit 1\nfi\n# This output is used by Xcode 'outputs' to avoid re-running this script phase.\necho \"SUCCESS\" > \"${SCRIPT_OUTPUT_FILE_0}\"\n";
			showEnvVarsInLog = 0;
		};
/* End PBXShellScriptBuildPhase section */

/* Begin PBXSourcesBuildPhase section */
		4FD38D6225C9CDC100E7B1A1 /* Sources */ = {
			isa = PBXSourcesBuildPhase;
			buildActionMask = 2147483647;
			files = (
				4FD38D6C25C9CDC100E7B1A1 /* ContentView.swift in Sources */,
				4F5146A325C9E9CA0009D11B /* Persistence.swift in Sources */,
				4FD38D6A25C9CDC100E7B1A1 /* LipoBuddyApp.swift in Sources */,
				4F434A8025C9DEBC005259D9 /* Model.xcdatamodeld in Sources */,
			);
			runOnlyForDeploymentPostprocessing = 0;
		};
/* End PBXSourcesBuildPhase section */

/* Begin XCBuildConfiguration section */
		4FD38D7325C9CDC200E7B1A1 /* Debug */ = {
			isa = XCBuildConfiguration;
			buildSettings = {
				ALWAYS_SEARCH_USER_PATHS = NO;
				CLANG_ANALYZER_NONNULL = YES;
				CLANG_ANALYZER_NUMBER_OBJECT_CONVERSION = YES_AGGRESSIVE;
				CLANG_CXX_LANGUAGE_STANDARD = "gnu++14";
				CLANG_CXX_LIBRARY = "libc++";
				CLANG_ENABLE_MODULES = YES;
				CLANG_ENABLE_OBJC_ARC = YES;
				CLANG_ENABLE_OBJC_WEAK = YES;
				CLANG_WARN_BLOCK_CAPTURE_AUTORELEASING = YES;
				CLANG_WARN_BOOL_CONVERSION = YES;
				CLANG_WARN_COMMA = YES;
				CLANG_WARN_CONSTANT_CONVERSION = YES;
				CLANG_WARN_DEPRECATED_OBJC_IMPLEMENTATIONS = YES;
				CLANG_WARN_DIRECT_OBJC_ISA_USAGE = YES_ERROR;
				CLANG_WARN_DOCUMENTATION_COMMENTS = YES;
				CLANG_WARN_EMPTY_BODY = YES;
				CLANG_WARN_ENUM_CONVERSION = YES;
				CLANG_WARN_INFINITE_RECURSION = YES;
				CLANG_WARN_INT_CONVERSION = YES;
				CLANG_WARN_NON_LITERAL_NULL_CONVERSION = YES;
				CLANG_WARN_OBJC_IMPLICIT_RETAIN_SELF = YES;
				CLANG_WARN_OBJC_LITERAL_CONVERSION = YES;
				CLANG_WARN_OBJC_ROOT_CLASS = YES_ERROR;
				CLANG_WARN_QUOTED_INCLUDE_IN_FRAMEWORK_HEADER = YES;
				CLANG_WARN_RANGE_LOOP_ANALYSIS = YES;
				CLANG_WARN_STRICT_PROTOTYPES = YES;
				CLANG_WARN_SUSPICIOUS_MOVE = YES;
				CLANG_WARN_UNGUARDED_AVAILABILITY = YES_AGGRESSIVE;
				CLANG_WARN_UNREACHABLE_CODE = YES;
				CLANG_WARN__DUPLICATE_METHOD_MATCH = YES;
				COPY_PHASE_STRIP = NO;
				DEBUG_INFORMATION_FORMAT = dwarf;
				ENABLE_STRICT_OBJC_MSGSEND = YES;
				ENABLE_TESTABILITY = YES;
				GCC_C_LANGUAGE_STANDARD = gnu11;
				GCC_DYNAMIC_NO_PIC = NO;
				GCC_NO_COMMON_BLOCKS = YES;
				GCC_OPTIMIZATION_LEVEL = 0;
				GCC_PREPROCESSOR_DEFINITIONS = (
					"DEBUG=1",
					"$(inherited)",
				);
				GCC_WARN_64_TO_32_BIT_CONVERSION = YES;
				GCC_WARN_ABOUT_RETURN_TYPE = YES_ERROR;
				GCC_WARN_UNDECLARED_SELECTOR = YES;
				GCC_WARN_UNINITIALIZED_AUTOS = YES_AGGRESSIVE;
				GCC_WARN_UNUSED_FUNCTION = YES;
				GCC_WARN_UNUSED_VARIABLE = YES;
				IPHONEOS_DEPLOYMENT_TARGET = 14.3;
				MTL_ENABLE_DEBUG_INFO = INCLUDE_SOURCE;
				MTL_FAST_MATH = YES;
				ONLY_ACTIVE_ARCH = YES;
				SDKROOT = iphoneos;
				SWIFT_ACTIVE_COMPILATION_CONDITIONS = DEBUG;
				SWIFT_OPTIMIZATION_LEVEL = "-Onone";
			};
			name = Debug;
		};
		4FD38D7425C9CDC200E7B1A1 /* Release */ = {
			isa = XCBuildConfiguration;
			buildSettings = {
				ALWAYS_SEARCH_USER_PATHS = NO;
				CLANG_ANALYZER_NONNULL = YES;
				CLANG_ANALYZER_NUMBER_OBJECT_CONVERSION = YES_AGGRESSIVE;
				CLANG_CXX_LANGUAGE_STANDARD = "gnu++14";
				CLANG_CXX_LIBRARY = "libc++";
				CLANG_ENABLE_MODULES = YES;
				CLANG_ENABLE_OBJC_ARC = YES;
				CLANG_ENABLE_OBJC_WEAK = YES;
				CLANG_WARN_BLOCK_CAPTURE_AUTORELEASING = YES;
				CLANG_WARN_BOOL_CONVERSION = YES;
				CLANG_WARN_COMMA = YES;
				CLANG_WARN_CONSTANT_CONVERSION = YES;
				CLANG_WARN_DEPRECATED_OBJC_IMPLEMENTATIONS = YES;
				CLANG_WARN_DIRECT_OBJC_ISA_USAGE = YES_ERROR;
				CLANG_WARN_DOCUMENTATION_COMMENTS = YES;
				CLANG_WARN_EMPTY_BODY = YES;
				CLANG_WARN_ENUM_CONVERSION = YES;
				CLANG_WARN_INFINITE_RECURSION = YES;
				CLANG_WARN_INT_CONVERSION = YES;
				CLANG_WARN_NON_LITERAL_NULL_CONVERSION = YES;
				CLANG_WARN_OBJC_IMPLICIT_RETAIN_SELF = YES;
				CLANG_WARN_OBJC_LITERAL_CONVERSION = YES;
				CLANG_WARN_OBJC_ROOT_CLASS = YES_ERROR;
				CLANG_WARN_QUOTED_INCLUDE_IN_FRAMEWORK_HEADER = YES;
				CLANG_WARN_RANGE_LOOP_ANALYSIS = YES;
				CLANG_WARN_STRICT_PROTOTYPES = YES;
				CLANG_WARN_SUSPICIOUS_MOVE = YES;
				CLANG_WARN_UNGUARDED_AVAILABILITY = YES_AGGRESSIVE;
				CLANG_WARN_UNREACHABLE_CODE = YES;
				CLANG_WARN__DUPLICATE_METHOD_MATCH = YES;
				COPY_PHASE_STRIP = NO;
				DEBUG_INFORMATION_FORMAT = "dwarf-with-dsym";
				ENABLE_NS_ASSERTIONS = NO;
				ENABLE_STRICT_OBJC_MSGSEND = YES;
				GCC_C_LANGUAGE_STANDARD = gnu11;
				GCC_NO_COMMON_BLOCKS = YES;
				GCC_WARN_64_TO_32_BIT_CONVERSION = YES;
				GCC_WARN_ABOUT_RETURN_TYPE = YES_ERROR;
				GCC_WARN_UNDECLARED_SELECTOR = YES;
				GCC_WARN_UNINITIALIZED_AUTOS = YES_AGGRESSIVE;
				GCC_WARN_UNUSED_FUNCTION = YES;
				GCC_WARN_UNUSED_VARIABLE = YES;
				IPHONEOS_DEPLOYMENT_TARGET = 14.3;
				MTL_ENABLE_DEBUG_INFO = NO;
				MTL_FAST_MATH = YES;
				SDKROOT = iphoneos;
				SWIFT_COMPILATION_MODE = wholemodule;
				SWIFT_OPTIMIZATION_LEVEL = "-O";
				VALIDATE_PRODUCT = YES;
			};
			name = Release;
		};
		4FD38D7625C9CDC200E7B1A1 /* Debug */ = {
			isa = XCBuildConfiguration;
			baseConfigurationReference = 87765BD9C675B5CA80080719 /* Pods-LipoBuddy.debug.xcconfig */;
			buildSettings = {
				ASSETCATALOG_COMPILER_APPICON_NAME = AppIcon;
				ASSETCATALOG_COMPILER_GLOBAL_ACCENT_COLOR_NAME = AccentColor;
				CODE_SIGN_STYLE = Automatic;
				DEVELOPMENT_ASSET_PATHS = "\"LipoBuddy/Preview Content\"";
				DEVELOPMENT_TEAM = VUVM5BX895;
				ENABLE_PREVIEWS = YES;
				INFOPLIST_FILE = LipoBuddy/Info.plist;
				IPHONEOS_DEPLOYMENT_TARGET = 14.0;
				LD_RUNPATH_SEARCH_PATHS = (
					"$(inherited)",
					"@executable_path/Frameworks",
				);
				PRODUCT_BUNDLE_IDENTIFIER = oliverbutler.LipoBuddy;
				PRODUCT_NAME = "$(TARGET_NAME)";
				SWIFT_VERSION = 5.0;
				TARGETED_DEVICE_FAMILY = "1,2";
			};
			name = Debug;
		};
		4FD38D7725C9CDC200E7B1A1 /* Release */ = {
			isa = XCBuildConfiguration;
			baseConfigurationReference = EBB2808AFCFA43A839133025 /* Pods-LipoBuddy.release.xcconfig */;
			buildSettings = {
				ASSETCATALOG_COMPILER_APPICON_NAME = AppIcon;
				ASSETCATALOG_COMPILER_GLOBAL_ACCENT_COLOR_NAME = AccentColor;
				CODE_SIGN_STYLE = Automatic;
				DEVELOPMENT_ASSET_PATHS = "\"LipoBuddy/Preview Content\"";
				DEVELOPMENT_TEAM = VUVM5BX895;
				ENABLE_PREVIEWS = YES;
				INFOPLIST_FILE = LipoBuddy/Info.plist;
				IPHONEOS_DEPLOYMENT_TARGET = 14.0;
				LD_RUNPATH_SEARCH_PATHS = (
					"$(inherited)",
					"@executable_path/Frameworks",
				);
				PRODUCT_BUNDLE_IDENTIFIER = oliverbutler.LipoBuddy;
				PRODUCT_NAME = "$(TARGET_NAME)";
				SWIFT_VERSION = 5.0;
				TARGETED_DEVICE_FAMILY = "1,2";
			};
			name = Release;
		};
/* End XCBuildConfiguration section */

/* Begin XCConfigurationList section */
		4FD38D6125C9CDC100E7B1A1 /* Build configuration list for PBXProject "LipoBuddy" */ = {
			isa = XCConfigurationList;
			buildConfigurations = (
				4FD38D7325C9CDC200E7B1A1 /* Debug */,
				4FD38D7425C9CDC200E7B1A1 /* Release */,
			);
			defaultConfigurationIsVisible = 0;
			defaultConfigurationName = Release;
		};
		4FD38D7525C9CDC200E7B1A1 /* Build configuration list for PBXNativeTarget "LipoBuddy" */ = {
			isa = XCConfigurationList;
			buildConfigurations = (
				4FD38D7625C9CDC200E7B1A1 /* Debug */,
				4FD38D7725C9CDC200E7B1A1 /* Release */,
			);
			defaultConfigurationIsVisible = 0;
			defaultConfigurationName = Release;
		};
/* End XCConfigurationList section */

/* Begin XCVersionGroup section */
		4F434A7E25C9DEBC005259D9 /* Model.xcdatamodeld */ = {
			isa = XCVersionGroup;
			children = (
				4F434A7F25C9DEBC005259D9 /* Model.xcdatamodel */,
			);
			currentVersion = 4F434A7F25C9DEBC005259D9 /* Model.xcdatamodel */;
			path = Model.xcdatamodeld;
			sourceTree = "<group>";
			versionGroupType = wrapper.xcdatamodel;
		};
/* End XCVersionGroup section */
	};
	rootObject = 4FD38D5E25C9CDC100E7B1A1 /* Project object */;
}
