// !$*UTF8*$!
{
	archiveVersion = 1;
	classes = {
	};
	objectVersion = 51;
	objects = {

/* Begin PBXBuildFile section */
		4F20BB04263C68B8005E370F /* Model.xcdatamodeld in Sources */ = {isa = PBXBuildFile; fileRef = 4F20BB01263C68B8005E370F /* Model.xcdatamodeld */; };
		4F20BB0C263C6A5A005E370F /* LipoBuddyTests.swift in Sources */ = {isa = PBXBuildFile; fileRef = 4F20BB0B263C6A5A005E370F /* LipoBuddyTests.swift */; };
		4F2A2CCC263C9FC500763E67 /* BatteryView.swift in Sources */ = {isa = PBXBuildFile; fileRef = 4F2A2CCB263C9FC500763E67 /* BatteryView.swift */; };
		4F2A2CCE263CA89E00763E67 /* BatteryHistoryView.swift in Sources */ = {isa = PBXBuildFile; fileRef = 4F2A2CCD263CA89E00763E67 /* BatteryHistoryView.swift */; };
		4F3D9D98260A9FB4006EF2DF /* BatteryTypeListView.swift in Sources */ = {isa = PBXBuildFile; fileRef = 4F3D9D97260A9FB4006EF2DF /* BatteryTypeListView.swift */; };
		4F5146A325C9E9CA0009D11B /* Persistence.swift in Sources */ = {isa = PBXBuildFile; fileRef = 4F5146A225C9E9CA0009D11B /* Persistence.swift */; };
		4F775454263B545E00C5F8A0 /* Battery+CoreDataClass.swift in Sources */ = {isa = PBXBuildFile; fileRef = 4F775452263B545E00C5F8A0 /* Battery+CoreDataClass.swift */; };
		4F775455263B545E00C5F8A0 /* Battery+CoreDataProperties.swift in Sources */ = {isa = PBXBuildFile; fileRef = 4F775453263B545E00C5F8A0 /* Battery+CoreDataProperties.swift */; };
		4F93A9AA25DF1EE700168835 /* Colours.xcassets in Resources */ = {isa = PBXBuildFile; fileRef = 4F93A9A925DF1EE700168835 /* Colours.xcassets */; };
		4FBBAD06263C97B000141154 /* BatteryEvent+CoreDataClass.swift in Sources */ = {isa = PBXBuildFile; fileRef = 4FBBAD04263C97B000141154 /* BatteryEvent+CoreDataClass.swift */; };
		4FBBAD07263C97B000141154 /* BatteryEvent+CoreDataProperties.swift in Sources */ = {isa = PBXBuildFile; fileRef = 4FBBAD05263C97B000141154 /* BatteryEvent+CoreDataProperties.swift */; };
		4FBD217526497C2C00559738 /* ChargingView.swift in Sources */ = {isa = PBXBuildFile; fileRef = 4FBD217426497C2C00559738 /* ChargingView.swift */; };
		4FBD217826497D5D00559738 /* DashboardView.swift in Sources */ = {isa = PBXBuildFile; fileRef = 4FBD217726497D5D00559738 /* DashboardView.swift */; };
		4FD38D6A25C9CDC100E7B1A1 /* LipoBuddyApp.swift in Sources */ = {isa = PBXBuildFile; fileRef = 4FD38D6925C9CDC100E7B1A1 /* LipoBuddyApp.swift */; };
		4FD38D6C25C9CDC100E7B1A1 /* MainView.swift in Sources */ = {isa = PBXBuildFile; fileRef = 4FD38D6B25C9CDC100E7B1A1 /* MainView.swift */; };
		4FD38D6E25C9CDC200E7B1A1 /* Assets.xcassets in Resources */ = {isa = PBXBuildFile; fileRef = 4FD38D6D25C9CDC200E7B1A1 /* Assets.xcassets */; };
		4FD38D7125C9CDC200E7B1A1 /* Preview Assets.xcassets in Resources */ = {isa = PBXBuildFile; fileRef = 4FD38D7025C9CDC200E7B1A1 /* Preview Assets.xcassets */; };
		4FE7DFD626096CB4001B8C64 /* SettingsView.swift in Sources */ = {isa = PBXBuildFile; fileRef = 4FE7DFD526096CB4001B8C64 /* SettingsView.swift */; };
		4FE7DFD9260971B9001B8C64 /* BatteriesView.swift in Sources */ = {isa = PBXBuildFile; fileRef = 4FE7DFD8260971B9001B8C64 /* BatteriesView.swift */; };
		4FE7DFDC26097200001B8C64 /* UtilView.swift in Sources */ = {isa = PBXBuildFile; fileRef = 4FE7DFDB26097200001B8C64 /* UtilView.swift */; };
		4FE7DFE9260A5CB3001B8C64 /* AircraftView.swift in Sources */ = {isa = PBXBuildFile; fileRef = 4FE7DFE8260A5CB3001B8C64 /* AircraftView.swift */; };
		4FECF1E3263C9D7B00FBDF54 /* NewBatteryView.swift in Sources */ = {isa = PBXBuildFile; fileRef = 4FECF1E2263C9D7B00FBDF54 /* NewBatteryView.swift */; };
		4FECF1E5263C9DA800FBDF54 /* BatteryUpdateVoltageView.swift in Sources */ = {isa = PBXBuildFile; fileRef = 4FECF1E4263C9DA800FBDF54 /* BatteryUpdateVoltageView.swift */; };
		4FECF1E8263C9DCD00FBDF54 /* InputFlightView.swift in Sources */ = {isa = PBXBuildFile; fileRef = 4FECF1E7263C9DCD00FBDF54 /* InputFlightView.swift */; };
		4FECF1EA263C9DED00FBDF54 /* BatteryRowView.swift in Sources */ = {isa = PBXBuildFile; fileRef = 4FECF1E9263C9DED00FBDF54 /* BatteryRowView.swift */; };
		4FF432F1263C439A005DFA88 /* BatteryUtil.swift in Sources */ = {isa = PBXBuildFile; fileRef = 4FF432F0263C439A005DFA88 /* BatteryUtil.swift */; };
		4FF5F3F8263D7C0700072FBC /* BatteryUpdateView.swift in Sources */ = {isa = PBXBuildFile; fileRef = 4FF5F3F7263D7C0700072FBC /* BatteryUpdateView.swift */; };
		4FF5F3FA263D86BE00072FBC /* BatteryIconView.swift in Sources */ = {isa = PBXBuildFile; fileRef = 4FF5F3F9263D86BE00072FBC /* BatteryIconView.swift */; };
		5EF60004FF0922493043EA40 /* Pods_LipoBuddy.framework in Frameworks */ = {isa = PBXBuildFile; fileRef = BC62B1C24A6B63DE367FC729 /* Pods_LipoBuddy.framework */; };
/* End PBXBuildFile section */

/* Begin PBXContainerItemProxy section */
		4F20BB0E263C6A5A005E370F /* PBXContainerItemProxy */ = {
			isa = PBXContainerItemProxy;
			containerPortal = 4FD38D5E25C9CDC100E7B1A1 /* Project object */;
			proxyType = 1;
			remoteGlobalIDString = 4FD38D6525C9CDC100E7B1A1;
			remoteInfo = LipoBuddy;
		};
/* End PBXContainerItemProxy section */

/* Begin PBXFileReference section */
		4F20BB02263C68B8005E370F /* Model 2.xcdatamodel */ = {isa = PBXFileReference; lastKnownFileType = wrapper.xcdatamodel; path = "Model 2.xcdatamodel"; sourceTree = "<group>"; };
		4F20BB03263C68B8005E370F /* Model.xcdatamodel */ = {isa = PBXFileReference; lastKnownFileType = wrapper.xcdatamodel; path = Model.xcdatamodel; sourceTree = "<group>"; };
		4F20BB09263C6A5A005E370F /* LipoBuddyTests.xctest */ = {isa = PBXFileReference; explicitFileType = wrapper.cfbundle; includeInIndex = 0; path = LipoBuddyTests.xctest; sourceTree = BUILT_PRODUCTS_DIR; };
		4F20BB0B263C6A5A005E370F /* LipoBuddyTests.swift */ = {isa = PBXFileReference; lastKnownFileType = sourcecode.swift; path = LipoBuddyTests.swift; sourceTree = "<group>"; };
		4F20BB0D263C6A5A005E370F /* Info.plist */ = {isa = PBXFileReference; lastKnownFileType = text.plist.xml; path = Info.plist; sourceTree = "<group>"; };
		4F2A2CCB263C9FC500763E67 /* BatteryView.swift */ = {isa = PBXFileReference; lastKnownFileType = sourcecode.swift; path = BatteryView.swift; sourceTree = "<group>"; };
		4F2A2CCD263CA89E00763E67 /* BatteryHistoryView.swift */ = {isa = PBXFileReference; lastKnownFileType = sourcecode.swift; path = BatteryHistoryView.swift; sourceTree = "<group>"; };
		4F3D9D97260A9FB4006EF2DF /* BatteryTypeListView.swift */ = {isa = PBXFileReference; lastKnownFileType = sourcecode.swift; path = BatteryTypeListView.swift; sourceTree = "<group>"; };
		4F5146A225C9E9CA0009D11B /* Persistence.swift */ = {isa = PBXFileReference; lastKnownFileType = sourcecode.swift; path = Persistence.swift; sourceTree = "<group>"; };
		4F775452263B545E00C5F8A0 /* Battery+CoreDataClass.swift */ = {isa = PBXFileReference; lastKnownFileType = sourcecode.swift; name = "Battery+CoreDataClass.swift"; path = "LipoBuddy/Models/Battery+CoreDataClass.swift"; sourceTree = SOURCE_ROOT; };
		4F775453263B545E00C5F8A0 /* Battery+CoreDataProperties.swift */ = {isa = PBXFileReference; lastKnownFileType = sourcecode.swift; name = "Battery+CoreDataProperties.swift"; path = "LipoBuddy/Models/Battery+CoreDataProperties.swift"; sourceTree = SOURCE_ROOT; };
		4F93A9A925DF1EE700168835 /* Colours.xcassets */ = {isa = PBXFileReference; lastKnownFileType = folder.assetcatalog; path = Colours.xcassets; sourceTree = "<group>"; };
		4FBBAD04263C97B000141154 /* BatteryEvent+CoreDataClass.swift */ = {isa = PBXFileReference; lastKnownFileType = sourcecode.swift; path = "BatteryEvent+CoreDataClass.swift"; sourceTree = "<group>"; };
		4FBBAD05263C97B000141154 /* BatteryEvent+CoreDataProperties.swift */ = {isa = PBXFileReference; lastKnownFileType = sourcecode.swift; path = "BatteryEvent+CoreDataProperties.swift"; sourceTree = "<group>"; };
		4FBD217426497C2C00559738 /* ChargingView.swift */ = {isa = PBXFileReference; lastKnownFileType = sourcecode.swift; path = ChargingView.swift; sourceTree = "<group>"; };
		4FBD217726497D5D00559738 /* DashboardView.swift */ = {isa = PBXFileReference; lastKnownFileType = sourcecode.swift; path = DashboardView.swift; sourceTree = "<group>"; };
		4FD38D6625C9CDC100E7B1A1 /* LipoBuddy.app */ = {isa = PBXFileReference; explicitFileType = wrapper.application; includeInIndex = 0; path = LipoBuddy.app; sourceTree = BUILT_PRODUCTS_DIR; };
		4FD38D6925C9CDC100E7B1A1 /* LipoBuddyApp.swift */ = {isa = PBXFileReference; lastKnownFileType = sourcecode.swift; path = LipoBuddyApp.swift; sourceTree = "<group>"; };
		4FD38D6B25C9CDC100E7B1A1 /* MainView.swift */ = {isa = PBXFileReference; lastKnownFileType = sourcecode.swift; path = MainView.swift; sourceTree = "<group>"; };
		4FD38D6D25C9CDC200E7B1A1 /* Assets.xcassets */ = {isa = PBXFileReference; lastKnownFileType = folder.assetcatalog; path = Assets.xcassets; sourceTree = "<group>"; };
		4FD38D7025C9CDC200E7B1A1 /* Preview Assets.xcassets */ = {isa = PBXFileReference; lastKnownFileType = folder.assetcatalog; path = "Preview Assets.xcassets"; sourceTree = "<group>"; };
		4FD38D7225C9CDC200E7B1A1 /* Info.plist */ = {isa = PBXFileReference; lastKnownFileType = text.plist.xml; path = Info.plist; sourceTree = "<group>"; };
		4FE7DFD526096CB4001B8C64 /* SettingsView.swift */ = {isa = PBXFileReference; lastKnownFileType = sourcecode.swift; path = SettingsView.swift; sourceTree = "<group>"; };
		4FE7DFD8260971B9001B8C64 /* BatteriesView.swift */ = {isa = PBXFileReference; lastKnownFileType = sourcecode.swift; path = BatteriesView.swift; sourceTree = "<group>"; };
		4FE7DFDB26097200001B8C64 /* UtilView.swift */ = {isa = PBXFileReference; lastKnownFileType = sourcecode.swift; path = UtilView.swift; sourceTree = "<group>"; };
		4FE7DFE8260A5CB3001B8C64 /* AircraftView.swift */ = {isa = PBXFileReference; lastKnownFileType = sourcecode.swift; path = AircraftView.swift; sourceTree = "<group>"; };
		4FECF1E2263C9D7B00FBDF54 /* NewBatteryView.swift */ = {isa = PBXFileReference; lastKnownFileType = sourcecode.swift; path = NewBatteryView.swift; sourceTree = "<group>"; };
		4FECF1E4263C9DA800FBDF54 /* BatteryUpdateVoltageView.swift */ = {isa = PBXFileReference; lastKnownFileType = sourcecode.swift; path = BatteryUpdateVoltageView.swift; sourceTree = "<group>"; };
		4FECF1E7263C9DCD00FBDF54 /* InputFlightView.swift */ = {isa = PBXFileReference; lastKnownFileType = sourcecode.swift; path = InputFlightView.swift; sourceTree = "<group>"; };
		4FECF1E9263C9DED00FBDF54 /* BatteryRowView.swift */ = {isa = PBXFileReference; lastKnownFileType = sourcecode.swift; path = BatteryRowView.swift; sourceTree = "<group>"; };
		4FF432F0263C439A005DFA88 /* BatteryUtil.swift */ = {isa = PBXFileReference; lastKnownFileType = sourcecode.swift; path = BatteryUtil.swift; sourceTree = "<group>"; };
		4FF5F3F7263D7C0700072FBC /* BatteryUpdateView.swift */ = {isa = PBXFileReference; lastKnownFileType = sourcecode.swift; path = BatteryUpdateView.swift; sourceTree = "<group>"; };
		4FF5F3F9263D86BE00072FBC /* BatteryIconView.swift */ = {isa = PBXFileReference; lastKnownFileType = sourcecode.swift; path = BatteryIconView.swift; sourceTree = "<group>"; };
		87765BD9C675B5CA80080719 /* Pods-LipoBuddy.debug.xcconfig */ = {isa = PBXFileReference; includeInIndex = 1; lastKnownFileType = text.xcconfig; name = "Pods-LipoBuddy.debug.xcconfig"; path = "Target Support Files/Pods-LipoBuddy/Pods-LipoBuddy.debug.xcconfig"; sourceTree = "<group>"; };
		BC62B1C24A6B63DE367FC729 /* Pods_LipoBuddy.framework */ = {isa = PBXFileReference; explicitFileType = wrapper.framework; includeInIndex = 0; path = Pods_LipoBuddy.framework; sourceTree = BUILT_PRODUCTS_DIR; };
		EBB2808AFCFA43A839133025 /* Pods-LipoBuddy.release.xcconfig */ = {isa = PBXFileReference; includeInIndex = 1; lastKnownFileType = text.xcconfig; name = "Pods-LipoBuddy.release.xcconfig"; path = "Target Support Files/Pods-LipoBuddy/Pods-LipoBuddy.release.xcconfig"; sourceTree = "<group>"; };
/* End PBXFileReference section */

/* Begin PBXFrameworksBuildPhase section */
		4F20BB06263C6A5A005E370F /* Frameworks */ = {
			isa = PBXFrameworksBuildPhase;
			buildActionMask = 2147483647;
			files = (
			);
			runOnlyForDeploymentPostprocessing = 0;
		};
		4FD38D6325C9CDC100E7B1A1 /* Frameworks */ = {
			isa = PBXFrameworksBuildPhase;
			buildActionMask = 2147483647;
			files = (
				5EF60004FF0922493043EA40 /* Pods_LipoBuddy.framework in Frameworks */,
			);
			runOnlyForDeploymentPostprocessing = 0;
		};
/* End PBXFrameworksBuildPhase section */

/* Begin PBXGroup section */
		2FFB2EEA27E8E619F338E6CF /* Frameworks */ = {
			isa = PBXGroup;
			children = (
				BC62B1C24A6B63DE367FC729 /* Pods_LipoBuddy.framework */,
			);
			name = Frameworks;
			sourceTree = "<group>";
		};
		4F20BB0A263C6A5A005E370F /* LipoBuddyTests */ = {
			isa = PBXGroup;
			children = (
				4F20BB0B263C6A5A005E370F /* LipoBuddyTests.swift */,
				4F20BB0D263C6A5A005E370F /* Info.plist */,
			);
			path = LipoBuddyTests;
			sourceTree = "<group>";
		};
		4F3D9D96260A9F9E006EF2DF /* Battery */ = {
			isa = PBXGroup;
			children = (
				4F3D9D97260A9FB4006EF2DF /* BatteryTypeListView.swift */,
				4FF432F0263C439A005DFA88 /* BatteryUtil.swift */,
				4F2A2CCB263C9FC500763E67 /* BatteryView.swift */,
				4FF5F3F7263D7C0700072FBC /* BatteryUpdateView.swift */,
				4F2A2CCD263CA89E00763E67 /* BatteryHistoryView.swift */,
				4FECF1E9263C9DED00FBDF54 /* BatteryRowView.swift */,
				4FECF1E2263C9D7B00FBDF54 /* NewBatteryView.swift */,
				4FECF1E4263C9DA800FBDF54 /* BatteryUpdateVoltageView.swift */,
				4FF5F3F9263D86BE00072FBC /* BatteryIconView.swift */,
			);
			path = Battery;
			sourceTree = "<group>";
		};
		4FBBAD03263C979300141154 /* BatteryEvent */ = {
			isa = PBXGroup;
			children = (
			);
			path = BatteryEvent;
			sourceTree = "<group>";
		};
		4FBD217326497BF900559738 /* Charging */ = {
			isa = PBXGroup;
			children = (
				4FBD217426497C2C00559738 /* ChargingView.swift */,
			);
			path = Charging;
			sourceTree = "<group>";
		};
		4FBD217626497D5300559738 /* Dashboard */ = {
			isa = PBXGroup;
			children = (
				4FBD217726497D5D00559738 /* DashboardView.swift */,
			);
			path = Dashboard;
			sourceTree = "<group>";
		};
		4FBD21792649811A00559738 /* Batteries */ = {
			isa = PBXGroup;
			children = (
				4FE7DFD8260971B9001B8C64 /* BatteriesView.swift */,
			);
			path = Batteries;
			sourceTree = "<group>";
		};
		4FBD217A2649813C00559738 /* Settings */ = {
			isa = PBXGroup;
			children = (
				4FE7DFD526096CB4001B8C64 /* SettingsView.swift */,
			);
			path = Settings;
			sourceTree = "<group>";
		};
		4FBD217B2649814C00559738 /* Aircraft */ = {
			isa = PBXGroup;
			children = (
				4FE7DFE8260A5CB3001B8C64 /* AircraftView.swift */,
			);
			path = Aircraft;
			sourceTree = "<group>";
		};
		4FBD217C2649816E00559738 /* Utils */ = {
			isa = PBXGroup;
			children = (
				4FE7DFDB26097200001B8C64 /* UtilView.swift */,
			);
			path = Utils;
			sourceTree = "<group>";
		};
		4FBD217D264981D500559738 /* Models */ = {
			isa = PBXGroup;
			children = (
				4F775453263B545E00C5F8A0 /* Battery+CoreDataProperties.swift */,
				4F775452263B545E00C5F8A0 /* Battery+CoreDataClass.swift */,
				4FBBAD04263C97B000141154 /* BatteryEvent+CoreDataClass.swift */,
				4FBBAD05263C97B000141154 /* BatteryEvent+CoreDataProperties.swift */,
				4F20BB01263C68B8005E370F /* Model.xcdatamodeld */,
			);
			path = Models;
			sourceTree = "<group>";
		};
		4FD38D5D25C9CDC100E7B1A1 = {
			isa = PBXGroup;
			children = (
				4FD38D6825C9CDC100E7B1A1 /* LipoBuddy */,
				4F20BB0A263C6A5A005E370F /* LipoBuddyTests */,
				4FD38D6725C9CDC100E7B1A1 /* Products */,
				E1B03D6873305986ED16E5E7 /* Pods */,
				2FFB2EEA27E8E619F338E6CF /* Frameworks */,
			);
			sourceTree = "<group>";
		};
		4FD38D6725C9CDC100E7B1A1 /* Products */ = {
			isa = PBXGroup;
			children = (
				4FD38D6625C9CDC100E7B1A1 /* LipoBuddy.app */,
				4F20BB09263C6A5A005E370F /* LipoBuddyTests.xctest */,
			);
			name = Products;
			sourceTree = "<group>";
		};
		4FD38D6825C9CDC100E7B1A1 /* LipoBuddy */ = {
			isa = PBXGroup;
			children = (
				4FD38D6925C9CDC100E7B1A1 /* LipoBuddyApp.swift */,
				4FD38D6B25C9CDC100E7B1A1 /* MainView.swift */,
				4F5146A225C9E9CA0009D11B /* Persistence.swift */,
				4FBD217D264981D500559738 /* Models */,
				4FBD21792649811A00559738 /* Batteries */,
				4FBD217626497D5300559738 /* Dashboard */,
				4FBD217326497BF900559738 /* Charging */,
				4FBBAD03263C979300141154 /* BatteryEvent */,
				4F3D9D96260A9F9E006EF2DF /* Battery */,
				4FECF1E6263C9DBA00FBDF54 /* Flight */,
				4FBD217B2649814C00559738 /* Aircraft */,
				4FBD217A2649813C00559738 /* Settings */,
				4FBD217C2649816E00559738 /* Utils */,
				4FD38D7225C9CDC200E7B1A1 /* Info.plist */,
				4F93A9A925DF1EE700168835 /* Colours.xcassets */,
				4FD38D6D25C9CDC200E7B1A1 /* Assets.xcassets */,
				4FD38D6F25C9CDC200E7B1A1 /* Preview Content */,
			);
			path = LipoBuddy;
			sourceTree = "<group>";
		};
		4FD38D6F25C9CDC200E7B1A1 /* Preview Content */ = {
			isa = PBXGroup;
			children = (
				4FD38D7025C9CDC200E7B1A1 /* Preview Assets.xcassets */,
			);
			path = "Preview Content";
			sourceTree = "<group>";
		};
		4FECF1E6263C9DBA00FBDF54 /* Flight */ = {
			isa = PBXGroup;
			children = (
				4FECF1E7263C9DCD00FBDF54 /* InputFlightView.swift */,
			);
			path = Flight;
			sourceTree = "<group>";
		};
		E1B03D6873305986ED16E5E7 /* Pods */ = {
			isa = PBXGroup;
			children = (
				87765BD9C675B5CA80080719 /* Pods-LipoBuddy.debug.xcconfig */,
				EBB2808AFCFA43A839133025 /* Pods-LipoBuddy.release.xcconfig */,
			);
			path = Pods;
			sourceTree = "<group>";
		};
/* End PBXGroup section */

/* Begin PBXNativeTarget section */
		4F20BB08263C6A5A005E370F /* LipoBuddyTests */ = {
			isa = PBXNativeTarget;
			buildConfigurationList = 4F20BB10263C6A5A005E370F /* Build configuration list for PBXNativeTarget "LipoBuddyTests" */;
			buildPhases = (
				4F20BB05263C6A5A005E370F /* Sources */,
				4F20BB06263C6A5A005E370F /* Frameworks */,
				4F20BB07263C6A5A005E370F /* Resources */,
			);
			buildRules = (
			);
			dependencies = (
				4F20BB0F263C6A5A005E370F /* PBXTargetDependency */,
			);
			name = LipoBuddyTests;
			productName = LipoBuddyTests;
			productReference = 4F20BB09263C6A5A005E370F /* LipoBuddyTests.xctest */;
			productType = "com.apple.product-type.bundle.unit-test";
		};
		4FD38D6525C9CDC100E7B1A1 /* LipoBuddy */ = {
			isa = PBXNativeTarget;
			buildConfigurationList = 4FD38D7525C9CDC200E7B1A1 /* Build configuration list for PBXNativeTarget "LipoBuddy" */;
			buildPhases = (
				23EEFC401B9BF5E6973DBC4E /* [CP] Check Pods Manifest.lock */,
				4FD38D6225C9CDC100E7B1A1 /* Sources */,
				4FD38D6325C9CDC100E7B1A1 /* Frameworks */,
				4FD38D6425C9CDC100E7B1A1 /* Resources */,
				19E3C4640B7CA0F622E4DED7 /* [CP] Embed Pods Frameworks */,
			);
			buildRules = (
			);
			dependencies = (
			);
			name = LipoBuddy;
			packageProductDependencies = (
			);
			productName = LipoBuddy;
			productReference = 4FD38D6625C9CDC100E7B1A1 /* LipoBuddy.app */;
			productType = "com.apple.product-type.application";
		};
/* End PBXNativeTarget section */

/* Begin PBXProject section */
		4FD38D5E25C9CDC100E7B1A1 /* Project object */ = {
			isa = PBXProject;
			attributes = {
				LastSwiftUpdateCheck = 1250;
				LastUpgradeCheck = 1230;
				TargetAttributes = {
					4F20BB08263C6A5A005E370F = {
						CreatedOnToolsVersion = 12.5;
						TestTargetID = 4FD38D6525C9CDC100E7B1A1;
					};
					4FD38D6525C9CDC100E7B1A1 = {
						CreatedOnToolsVersion = 12.3;
					};
				};
			};
			buildConfigurationList = 4FD38D6125C9CDC100E7B1A1 /* Build configuration list for PBXProject "LipoBuddy" */;
			compatibilityVersion = "Xcode 9.3";
			developmentRegion = en;
			hasScannedForEncodings = 0;
			knownRegions = (
				en,
				Base,
			);
			mainGroup = 4FD38D5D25C9CDC100E7B1A1;
			packageReferences = (
			);
			productRefGroup = 4FD38D6725C9CDC100E7B1A1 /* Products */;
			projectDirPath = "";
			projectRoot = "";
			targets = (
				4FD38D6525C9CDC100E7B1A1 /* LipoBuddy */,
				4F20BB08263C6A5A005E370F /* LipoBuddyTests */,
			);
		};
/* End PBXProject section */

/* Begin PBXResourcesBuildPhase section */
		4F20BB07263C6A5A005E370F /* Resources */ = {
			isa = PBXResourcesBuildPhase;
			buildActionMask = 2147483647;
			files = (
			);
			runOnlyForDeploymentPostprocessing = 0;
		};
		4FD38D6425C9CDC100E7B1A1 /* Resources */ = {
			isa = PBXResourcesBuildPhase;
			buildActionMask = 2147483647;
			files = (
				4FD38D7125C9CDC200E7B1A1 /* Preview Assets.xcassets in Resources */,
				4F93A9AA25DF1EE700168835 /* Colours.xcassets in Resources */,
				4FD38D6E25C9CDC200E7B1A1 /* Assets.xcassets in Resources */,
			);
			runOnlyForDeploymentPostprocessing = 0;
		};
/* End PBXResourcesBuildPhase section */

/* Begin PBXShellScriptBuildPhase section */
		19E3C4640B7CA0F622E4DED7 /* [CP] Embed Pods Frameworks */ = {
			isa = PBXShellScriptBuildPhase;
			buildActionMask = 2147483647;
			files = (
			);
			inputFileListPaths = (
				"${PODS_ROOT}/Target Support Files/Pods-LipoBuddy/Pods-LipoBuddy-frameworks-${CONFIGURATION}-input-files.xcfilelist",
			);
			name = "[CP] Embed Pods Frameworks";
			outputFileListPaths = (
				"${PODS_ROOT}/Target Support Files/Pods-LipoBuddy/Pods-LipoBuddy-frameworks-${CONFIGURATION}-output-files.xcfilelist",
			);
			runOnlyForDeploymentPostprocessing = 0;
			shellPath = /bin/sh;
			shellScript = "\"${PODS_ROOT}/Target Support Files/Pods-LipoBuddy/Pods-LipoBuddy-frameworks.sh\"\n";
			showEnvVarsInLog = 0;
		};
		23EEFC401B9BF5E6973DBC4E /* [CP] Check Pods Manifest.lock */ = {
			isa = PBXShellScriptBuildPhase;
			buildActionMask = 2147483647;
			files = (
			);
			inputFileListPaths = (
			);
			inputPaths = (
				"${PODS_PODFILE_DIR_PATH}/Podfile.lock",
				"${PODS_ROOT}/Manifest.lock",
			);
			name = "[CP] Check Pods Manifest.lock";
			outputFileListPaths = (
			);
			outputPaths = (
				"$(DERIVED_FILE_DIR)/Pods-LipoBuddy-checkManifestLockResult.txt",
			);
			runOnlyForDeploymentPostprocessing = 0;
			shellPath = /bin/sh;
			shellScript = "diff \"${PODS_PODFILE_DIR_PATH}/Podfile.lock\" \"${PODS_ROOT}/Manifest.lock\" > /dev/null\nif [ $? != 0 ] ; then\n    # print error to STDERR\n    echo \"error: The sandbox is not in sync with the Podfile.lock. Run 'pod install' or update your CocoaPods installation.\" >&2\n    exit 1\nfi\n# This output is used by Xcode 'outputs' to avoid re-running this script phase.\necho \"SUCCESS\" > \"${SCRIPT_OUTPUT_FILE_0}\"\n";
			showEnvVarsInLog = 0;
		};
/* End PBXShellScriptBuildPhase section */

/* Begin PBXSourcesBuildPhase section */
		4F20BB05263C6A5A005E370F /* Sources */ = {
			isa = PBXSourcesBuildPhase;
			buildActionMask = 2147483647;
			files = (
				4F20BB0C263C6A5A005E370F /* LipoBuddyTests.swift in Sources */,
			);
			runOnlyForDeploymentPostprocessing = 0;
		};
		4FD38D6225C9CDC100E7B1A1 /* Sources */ = {
			isa = PBXSourcesBuildPhase;
			buildActionMask = 2147483647;
			files = (
				4FBD217526497C2C00559738 /* ChargingView.swift in Sources */,
				4FBD217826497D5D00559738 /* DashboardView.swift in Sources */,
				4FE7DFD626096CB4001B8C64 /* SettingsView.swift in Sources */,
				4FF5F3FA263D86BE00072FBC /* BatteryIconView.swift in Sources */,
				4FD38D6C25C9CDC100E7B1A1 /* MainView.swift in Sources */,
				4FE7DFDC26097200001B8C64 /* UtilView.swift in Sources */,
				4F775455263B545E00C5F8A0 /* Battery+CoreDataProperties.swift in Sources */,
				4FECF1E5263C9DA800FBDF54 /* BatteryUpdateVoltageView.swift in Sources */,
				4F2A2CCC263C9FC500763E67 /* BatteryView.swift in Sources */,
				4FE7DFD9260971B9001B8C64 /* BatteriesView.swift in Sources */,
				4F2A2CCE263CA89E00763E67 /* BatteryHistoryView.swift in Sources */,
				4FF432F1263C439A005DFA88 /* BatteryUtil.swift in Sources */,
				4FECF1E8263C9DCD00FBDF54 /* InputFlightView.swift in Sources */,
				4FBBAD07263C97B000141154 /* BatteryEvent+CoreDataProperties.swift in Sources */,
				4FE7DFE9260A5CB3001B8C64 /* AircraftView.swift in Sources */,
				4FECF1E3263C9D7B00FBDF54 /* NewBatteryView.swift in Sources */,
				4FF5F3F8263D7C0700072FBC /* BatteryUpdateView.swift in Sources */,
				4FBBAD06263C97B000141154 /* BatteryEvent+CoreDataClass.swift in Sources */,
				4F5146A325C9E9CA0009D11B /* Persistence.swift in Sources */,
				4FECF1EA263C9DED00FBDF54 /* BatteryRowView.swift in Sources */,
				4FD38D6A25C9CDC100E7B1A1 /* LipoBuddyApp.swift in Sources */,
				4F3D9D98260A9FB4006EF2DF /* BatteryTypeListView.swift in Sources */,
				4F775454263B545E00C5F8A0 /* Battery+CoreDataClass.swift in Sources */,
				4F20BB04263C68B8005E370F /* Model.xcdatamodeld in Sources */,
			);
			runOnlyForDeploymentPostprocessing = 0;
		};
/* End PBXSourcesBuildPhase section */

/* Begin PBXTargetDependency section */
		4F20BB0F263C6A5A005E370F /* PBXTargetDependency */ = {
			isa = PBXTargetDependency;
			target = 4FD38D6525C9CDC100E7B1A1 /* LipoBuddy */;
			targetProxy = 4F20BB0E263C6A5A005E370F /* PBXContainerItemProxy */;
		};
/* End PBXTargetDependency section */

/* Begin XCBuildConfiguration section */
		4F20BB11263C6A5A005E370F /* Debug */ = {
			isa = XCBuildConfiguration;
			buildSettings = {
				BUNDLE_LOADER = "$(TEST_HOST)";
				CODE_SIGN_STYLE = Automatic;
				DEVELOPMENT_TEAM = VUVM5BX895;
				INFOPLIST_FILE = LipoBuddyTests/Info.plist;
				IPHONEOS_DEPLOYMENT_TARGET = 14.5;
				LD_RUNPATH_SEARCH_PATHS = (
					"$(inherited)",
					"@executable_path/Frameworks",
					"@loader_path/Frameworks",
				);
				PRODUCT_BUNDLE_IDENTIFIER = oliverbutler.LipoBuddyTests;
				PRODUCT_NAME = "$(TARGET_NAME)";
				SWIFT_VERSION = 5.0;
				TARGETED_DEVICE_FAMILY = "1,2";
				TEST_HOST = "$(BUILT_PRODUCTS_DIR)/LipoBuddy.app/LipoBuddy";
			};
			name = Debug;
		};
		4F20BB12263C6A5A005E370F /* Release */ = {
			isa = XCBuildConfiguration;
			buildSettings = {
				BUNDLE_LOADER = "$(TEST_HOST)";
				CODE_SIGN_STYLE = Automatic;
				DEVELOPMENT_TEAM = VUVM5BX895;
				INFOPLIST_FILE = LipoBuddyTests/Info.plist;
				IPHONEOS_DEPLOYMENT_TARGET = 14.5;
				LD_RUNPATH_SEARCH_PATHS = (
					"$(inherited)",
					"@executable_path/Frameworks",
					"@loader_path/Frameworks",
				);
				PRODUCT_BUNDLE_IDENTIFIER = oliverbutler.LipoBuddyTests;
				PRODUCT_NAME = "$(TARGET_NAME)";
				SWIFT_VERSION = 5.0;
				TARGETED_DEVICE_FAMILY = "1,2";
				TEST_HOST = "$(BUILT_PRODUCTS_DIR)/LipoBuddy.app/LipoBuddy";
			};
			name = Release;
		};
		4FD38D7325C9CDC200E7B1A1 /* Debug */ = {
			isa = XCBuildConfiguration;
			buildSettings = {
				ALWAYS_SEARCH_USER_PATHS = NO;
				CLANG_ANALYZER_NONNULL = YES;
				CLANG_ANALYZER_NUMBER_OBJECT_CONVERSION = YES_AGGRESSIVE;
				CLANG_CXX_LANGUAGE_STANDARD = "gnu++14";
				CLANG_CXX_LIBRARY = "libc++";
				CLANG_ENABLE_MODULES = YES;
				CLANG_ENABLE_OBJC_ARC = YES;
				CLANG_ENABLE_OBJC_WEAK = YES;
				CLANG_WARN_BLOCK_CAPTURE_AUTORELEASING = YES;
				CLANG_WARN_BOOL_CONVERSION = YES;
				CLANG_WARN_COMMA = YES;
				CLANG_WARN_CONSTANT_CONVERSION = YES;
				CLANG_WARN_DEPRECATED_OBJC_IMPLEMENTATIONS = YES;
				CLANG_WARN_DIRECT_OBJC_ISA_USAGE = YES_ERROR;
				CLANG_WARN_DOCUMENTATION_COMMENTS = YES;
				CLANG_WARN_EMPTY_BODY = YES;
				CLANG_WARN_ENUM_CONVERSION = YES;
				CLANG_WARN_INFINITE_RECURSION = YES;
				CLANG_WARN_INT_CONVERSION = YES;
				CLANG_WARN_NON_LITERAL_NULL_CONVERSION = YES;
				CLANG_WARN_OBJC_IMPLICIT_RETAIN_SELF = YES;
				CLANG_WARN_OBJC_LITERAL_CONVERSION = YES;
				CLANG_WARN_OBJC_ROOT_CLASS = YES_ERROR;
				CLANG_WARN_QUOTED_INCLUDE_IN_FRAMEWORK_HEADER = YES;
				CLANG_WARN_RANGE_LOOP_ANALYSIS = YES;
				CLANG_WARN_STRICT_PROTOTYPES = YES;
				CLANG_WARN_SUSPICIOUS_MOVE = YES;
				CLANG_WARN_UNGUARDED_AVAILABILITY = YES_AGGRESSIVE;
				CLANG_WARN_UNREACHABLE_CODE = YES;
				CLANG_WARN__DUPLICATE_METHOD_MATCH = YES;
				COPY_PHASE_STRIP = NO;
				DEBUG_INFORMATION_FORMAT = dwarf;
				ENABLE_STRICT_OBJC_MSGSEND = YES;
				ENABLE_TESTABILITY = YES;
				GCC_C_LANGUAGE_STANDARD = gnu11;
				GCC_DYNAMIC_NO_PIC = NO;
				GCC_NO_COMMON_BLOCKS = YES;
				GCC_OPTIMIZATION_LEVEL = 0;
				GCC_PREPROCESSOR_DEFINITIONS = (
					"DEBUG=1",
					"$(inherited)",
				);
				GCC_WARN_64_TO_32_BIT_CONVERSION = YES;
				GCC_WARN_ABOUT_RETURN_TYPE = YES_ERROR;
				GCC_WARN_UNDECLARED_SELECTOR = YES;
				GCC_WARN_UNINITIALIZED_AUTOS = YES_AGGRESSIVE;
				GCC_WARN_UNUSED_FUNCTION = YES;
				GCC_WARN_UNUSED_VARIABLE = YES;
				IPHONEOS_DEPLOYMENT_TARGET = 14.3;
				MTL_ENABLE_DEBUG_INFO = INCLUDE_SOURCE;
				MTL_FAST_MATH = YES;
				ONLY_ACTIVE_ARCH = YES;
				SDKROOT = iphoneos;
				SWIFT_ACTIVE_COMPILATION_CONDITIONS = DEBUG;
				SWIFT_OPTIMIZATION_LEVEL = "-Onone";
			};
			name = Debug;
		};
		4FD38D7425C9CDC200E7B1A1 /* Release */ = {
			isa = XCBuildConfiguration;
			buildSettings = {
				ALWAYS_SEARCH_USER_PATHS = NO;
				CLANG_ANALYZER_NONNULL = YES;
				CLANG_ANALYZER_NUMBER_OBJECT_CONVERSION = YES_AGGRESSIVE;
				CLANG_CXX_LANGUAGE_STANDARD = "gnu++14";
				CLANG_CXX_LIBRARY = "libc++";
				CLANG_ENABLE_MODULES = YES;
				CLANG_ENABLE_OBJC_ARC = YES;
				CLANG_ENABLE_OBJC_WEAK = YES;
				CLANG_WARN_BLOCK_CAPTURE_AUTORELEASING = YES;
				CLANG_WARN_BOOL_CONVERSION = YES;
				CLANG_WARN_COMMA = YES;
				CLANG_WARN_CONSTANT_CONVERSION = YES;
				CLANG_WARN_DEPRECATED_OBJC_IMPLEMENTATIONS = YES;
				CLANG_WARN_DIRECT_OBJC_ISA_USAGE = YES_ERROR;
				CLANG_WARN_DOCUMENTATION_COMMENTS = YES;
				CLANG_WARN_EMPTY_BODY = YES;
				CLANG_WARN_ENUM_CONVERSION = YES;
				CLANG_WARN_INFINITE_RECURSION = YES;
				CLANG_WARN_INT_CONVERSION = YES;
				CLANG_WARN_NON_LITERAL_NULL_CONVERSION = YES;
				CLANG_WARN_OBJC_IMPLICIT_RETAIN_SELF = YES;
				CLANG_WARN_OBJC_LITERAL_CONVERSION = YES;
				CLANG_WARN_OBJC_ROOT_CLASS = YES_ERROR;
				CLANG_WARN_QUOTED_INCLUDE_IN_FRAMEWORK_HEADER = YES;
				CLANG_WARN_RANGE_LOOP_ANALYSIS = YES;
				CLANG_WARN_STRICT_PROTOTYPES = YES;
				CLANG_WARN_SUSPICIOUS_MOVE = YES;
				CLANG_WARN_UNGUARDED_AVAILABILITY = YES_AGGRESSIVE;
				CLANG_WARN_UNREACHABLE_CODE = YES;
				CLANG_WARN__DUPLICATE_METHOD_MATCH = YES;
				COPY_PHASE_STRIP = NO;
				DEBUG_INFORMATION_FORMAT = "dwarf-with-dsym";
				ENABLE_NS_ASSERTIONS = NO;
				ENABLE_STRICT_OBJC_MSGSEND = YES;
				GCC_C_LANGUAGE_STANDARD = gnu11;
				GCC_NO_COMMON_BLOCKS = YES;
				GCC_WARN_64_TO_32_BIT_CONVERSION = YES;
				GCC_WARN_ABOUT_RETURN_TYPE = YES_ERROR;
				GCC_WARN_UNDECLARED_SELECTOR = YES;
				GCC_WARN_UNINITIALIZED_AUTOS = YES_AGGRESSIVE;
				GCC_WARN_UNUSED_FUNCTION = YES;
				GCC_WARN_UNUSED_VARIABLE = YES;
				IPHONEOS_DEPLOYMENT_TARGET = 14.3;
				MTL_ENABLE_DEBUG_INFO = NO;
				MTL_FAST_MATH = YES;
				SDKROOT = iphoneos;
				SWIFT_COMPILATION_MODE = wholemodule;
				SWIFT_OPTIMIZATION_LEVEL = "-O";
				VALIDATE_PRODUCT = YES;
			};
			name = Release;
		};
		4FD38D7625C9CDC200E7B1A1 /* Debug */ = {
			isa = XCBuildConfiguration;
			baseConfigurationReference = 87765BD9C675B5CA80080719 /* Pods-LipoBuddy.debug.xcconfig */;
			buildSettings = {
				ASSETCATALOG_COMPILER_APPICON_NAME = AppIcon;
				ASSETCATALOG_COMPILER_GLOBAL_ACCENT_COLOR_NAME = AccentColor;
				CODE_SIGN_STYLE = Automatic;
				DEVELOPMENT_ASSET_PATHS = "\"LipoBuddy/Preview Content\"";
				DEVELOPMENT_TEAM = VUVM5BX895;
				ENABLE_PREVIEWS = YES;
				INFOPLIST_FILE = LipoBuddy/Info.plist;
				IPHONEOS_DEPLOYMENT_TARGET = 14.0;
				LD_RUNPATH_SEARCH_PATHS = (
					"$(inherited)",
					"@executable_path/Frameworks",
				);
				PRODUCT_BUNDLE_IDENTIFIER = oliverbutler.LipoBuddy;
				PRODUCT_NAME = "$(TARGET_NAME)";
				SWIFT_VERSION = 5.0;
				TARGETED_DEVICE_FAMILY = "1,2";
			};
			name = Debug;
		};
		4FD38D7725C9CDC200E7B1A1 /* Release */ = {
			isa = XCBuildConfiguration;
			baseConfigurationReference = EBB2808AFCFA43A839133025 /* Pods-LipoBuddy.release.xcconfig */;
			buildSettings = {
				ASSETCATALOG_COMPILER_APPICON_NAME = AppIcon;
				ASSETCATALOG_COMPILER_GLOBAL_ACCENT_COLOR_NAME = AccentColor;
				CODE_SIGN_STYLE = Automatic;
				DEVELOPMENT_ASSET_PATHS = "\"LipoBuddy/Preview Content\"";
				DEVELOPMENT_TEAM = VUVM5BX895;
				ENABLE_PREVIEWS = YES;
				INFOPLIST_FILE = LipoBuddy/Info.plist;
				IPHONEOS_DEPLOYMENT_TARGET = 14.0;
				LD_RUNPATH_SEARCH_PATHS = (
					"$(inherited)",
					"@executable_path/Frameworks",
				);
				PRODUCT_BUNDLE_IDENTIFIER = oliverbutler.LipoBuddy;
				PRODUCT_NAME = "$(TARGET_NAME)";
				SWIFT_VERSION = 5.0;
				TARGETED_DEVICE_FAMILY = "1,2";
			};
			name = Release;
		};
/* End XCBuildConfiguration section */

/* Begin XCConfigurationList section */
		4F20BB10263C6A5A005E370F /* Build configuration list for PBXNativeTarget "LipoBuddyTests" */ = {
			isa = XCConfigurationList;
			buildConfigurations = (
				4F20BB11263C6A5A005E370F /* Debug */,
				4F20BB12263C6A5A005E370F /* Release */,
			);
			defaultConfigurationIsVisible = 0;
			defaultConfigurationName = Release;
		};
		4FD38D6125C9CDC100E7B1A1 /* Build configuration list for PBXProject "LipoBuddy" */ = {
			isa = XCConfigurationList;
			buildConfigurations = (
				4FD38D7325C9CDC200E7B1A1 /* Debug */,
				4FD38D7425C9CDC200E7B1A1 /* Release */,
			);
			defaultConfigurationIsVisible = 0;
			defaultConfigurationName = Release;
		};
		4FD38D7525C9CDC200E7B1A1 /* Build configuration list for PBXNativeTarget "LipoBuddy" */ = {
			isa = XCConfigurationList;
			buildConfigurations = (
				4FD38D7625C9CDC200E7B1A1 /* Debug */,
				4FD38D7725C9CDC200E7B1A1 /* Release */,
			);
			defaultConfigurationIsVisible = 0;
			defaultConfigurationName = Release;
		};
/* End XCConfigurationList section */

/* Begin XCVersionGroup section */
		4F20BB01263C68B8005E370F /* Model.xcdatamodeld */ = {
			isa = XCVersionGroup;
			children = (
				4F20BB02263C68B8005E370F /* Model 2.xcdatamodel */,
				4F20BB03263C68B8005E370F /* Model.xcdatamodel */,
			);
			currentVersion = 4F20BB02263C68B8005E370F /* Model 2.xcdatamodel */;
			path = Model.xcdatamodeld;
			sourceTree = "<group>";
			versionGroupType = wrapper.xcdatamodel;
		};
/* End XCVersionGroup section */
	};
	rootObject = 4FD38D5E25C9CDC100E7B1A1 /* Project object */;
}
